
Microsoft Visual Studio Solution File, Format Version 12.00
# Visual Studio Version 16
VisualStudioVersion = 16.0.32106.194
MinimumVisualStudioVersion = 10.0.40219.1
Project("{FAE04EC0-301F-11D3-BF4B-00C04F79EFBC}") = "CursoCSharp", "CursoCSharp.csproj", "{D1824A1B-050B-4FA6-9076-F91DEB57E070}"
EndProject
Global
	GlobalSection(SolutionConfigurationPlatforms) = preSolution
		Debug|Any CPU = Debug|Any CPU
		Release|Any CPU = Release|Any CPU
	EndGlobalSection
	GlobalSection(ProjectConfigurationPlatforms) = postSolution
		{D1824A1B-050B-4FA6-9076-F91DEB57E070}.Debug|Any CPU.ActiveCfg = Debug|Any CPU
		{D1824A1B-050B-4FA6-9076-F91DEB57E070}.Debug|Any CPU.Build.0 = Debug|Any CPU
		{D1824A1B-050B-4FA6-9076-F91DEB57E070}.Release|Any CPU.ActiveCfg = Release|Any CPU
		{D1824A1B-050B-4FA6-9076-F91DEB57E070}.Release|Any CPU.Build.0 = Release|Any CPU
	EndGlobalSection
	GlobalSection(SolutionProperties) = preSolution
		HideSolutionNode = FALSE
	EndGlobalSection
	GlobalSection(ExtensibilityGlobals) = postSolution
		SolutionGuid = {40CCE296-D27F-4159-80FB-5D78B18C77BD}
	EndGlobalSection
EndGlobal
